
Microsoft Visual Studio Solution File, Format Version 12.00
# Visual Studio Version 17
VisualStudioVersion = 17.0.31423.177
MinimumVisualStudioVersion = 10.0.40219.1
Project("{9A19103F-16F7-4668-BE54-9A1E7A4F7556}") = "FTX.Net", "FTX.Net\FTX.Net.csproj", "{8F438BDE-6267-4591-B618-FE9157A6014C}"
EndProject
Project("{9A19103F-16F7-4668-BE54-9A1E7A4F7556}") = "FTX.Net.UnitTests", "FTX.Net.UnitTests\FTX.Net.UnitTests.csproj", "{F37E9345-C1D9-47D7-9AC7-BB5A4898A5A2}"
EndProject
Global
	GlobalSection(SolutionConfigurationPlatforms) = preSolution
		Debug|Any CPU = Debug|Any CPU
		Release|Any CPU = Release|Any CPU
	EndGlobalSection
	GlobalSection(ProjectConfigurationPlatforms) = postSolution
		{8F438BDE-6267-4591-B618-FE9157A6014C}.Debug|Any CPU.ActiveCfg = Debug|Any CPU
		{8F438BDE-6267-4591-B618-FE9157A6014C}.Debug|Any CPU.Build.0 = Debug|Any CPU
		{8F438BDE-6267-4591-B618-FE9157A6014C}.Release|Any CPU.ActiveCfg = Release|Any CPU
		{8F438BDE-6267-4591-B618-FE9157A6014C}.Release|Any CPU.Build.0 = Release|Any CPU
		{F37E9345-C1D9-47D7-9AC7-BB5A4898A5A2}.Debug|Any CPU.ActiveCfg = Debug|Any CPU
		{F37E9345-C1D9-47D7-9AC7-BB5A4898A5A2}.Debug|Any CPU.Build.0 = Debug|Any CPU
		{F37E9345-C1D9-47D7-9AC7-BB5A4898A5A2}.Release|Any CPU.ActiveCfg = Release|Any CPU
		{F37E9345-C1D9-47D7-9AC7-BB5A4898A5A2}.Release|Any CPU.Build.0 = Release|Any CPU
	EndGlobalSection
	GlobalSection(SolutionProperties) = preSolution
		HideSolutionNode = FALSE
	EndGlobalSection
	GlobalSection(ExtensibilityGlobals) = postSolution
		SolutionGuid = {8C25C44A-8066-43FC-8809-FC3FAF9BE02D}
	EndGlobalSection
EndGlobal
