
Microsoft Visual Studio Solution File, Format Version 12.00
# Visual Studio Version 17
VisualStudioVersion = 17.0.31423.177
MinimumVisualStudioVersion = 10.0.40219.1
Project("{FAE04EC0-301F-11D3-BF4B-00C04F79EFBC}") = "FTX.Net", "FTX.Net\FTX.Net.csproj", "{8F438BDE-6267-4591-B618-FE9157A6014C}"
EndProject
Global
	GlobalSection(SolutionConfigurationPlatforms) = preSolution
		Debug|Any CPU = Debug|Any CPU
		Release|Any CPU = Release|Any CPU
	EndGlobalSection
	GlobalSection(ProjectConfigurationPlatforms) = postSolution
		{8F438BDE-6267-4591-B618-FE9157A6014C}.Debug|Any CPU.ActiveCfg = Debug|Any CPU
		{8F438BDE-6267-4591-B618-FE9157A6014C}.Debug|Any CPU.Build.0 = Debug|Any CPU
		{8F438BDE-6267-4591-B618-FE9157A6014C}.Release|Any CPU.ActiveCfg = Release|Any CPU
		{8F438BDE-6267-4591-B618-FE9157A6014C}.Release|Any CPU.Build.0 = Release|Any CPU
	EndGlobalSection
	GlobalSection(SolutionProperties) = preSolution
		HideSolutionNode = FALSE
	EndGlobalSection
	GlobalSection(ExtensibilityGlobals) = postSolution
		SolutionGuid = {8C25C44A-8066-43FC-8809-FC3FAF9BE02D}
	EndGlobalSection
EndGlobal
